
Microsoft Visual Studio Solution File, Format Version 12.00
# Visual Studio Version 17
VisualStudioVersion = 17.5.33627.172
MinimumVisualStudioVersion = 10.0.40219.1
Project("{FAE04EC0-301F-11D3-BF4B-00C04F79EFBC}") = "SimpleCalculator", "SimpleCalculator.csproj", "{A75AAE11-2F12-423F-B0F8-55BAC83F9111}"
EndProject
Project("{FAE04EC0-301F-11D3-BF4B-00C04F79EFBC}") = "UnitTestCalc", "..\UnitTestProject1\UnitTestCalc.csproj", "{B70FE472-BD53-4EAF-B424-3848ECF0975E}"
EndProject
Global
	GlobalSection(SolutionConfigurationPlatforms) = preSolution
		Debug|Any CPU = Debug|Any CPU
		Release|Any CPU = Release|Any CPU
	EndGlobalSection
	GlobalSection(ProjectConfigurationPlatforms) = postSolution
		{A75AAE11-2F12-423F-B0F8-55BAC83F9111}.Debug|Any CPU.ActiveCfg = Debug|Any CPU
		{A75AAE11-2F12-423F-B0F8-55BAC83F9111}.Debug|Any CPU.Build.0 = Debug|Any CPU
		{A75AAE11-2F12-423F-B0F8-55BAC83F9111}.Release|Any CPU.ActiveCfg = Release|Any CPU
		{A75AAE11-2F12-423F-B0F8-55BAC83F9111}.Release|Any CPU.Build.0 = Release|Any CPU
		{B70FE472-BD53-4EAF-B424-3848ECF0975E}.Debug|Any CPU.ActiveCfg = Debug|Any CPU
		{B70FE472-BD53-4EAF-B424-3848ECF0975E}.Debug|Any CPU.Build.0 = Debug|Any CPU
		{B70FE472-BD53-4EAF-B424-3848ECF0975E}.Release|Any CPU.ActiveCfg = Release|Any CPU
		{B70FE472-BD53-4EAF-B424-3848ECF0975E}.Release|Any CPU.Build.0 = Release|Any CPU
	EndGlobalSection
	GlobalSection(SolutionProperties) = preSolution
		HideSolutionNode = FALSE
	EndGlobalSection
	GlobalSection(ExtensibilityGlobals) = postSolution
		SolutionGuid = {58FF4D6A-1250-4D4E-B480-897082F5C057}
	EndGlobalSection
EndGlobal
